
Microsoft Visual Studio Solution File, Format Version 9.00
# Visual Studio 2005
Project("{FAE04EC0-301F-11D3-BF4B-00C04F79EFBC}") = "FdoToolbox.Base", "FdoToolbox.Base\FdoToolbox.Base.csproj", "{9A3DA959-2B7E-4407-9DF8-DA56178D211A}"
EndProject
Project("{FAE04EC0-301F-11D3-BF4B-00C04F79EFBC}") = "FdoToolbox.Core", "FdoToolbox.Core\FdoToolbox.Core.csproj", "{6AAE821C-D27F-47D2-8F1B-D748AF145B0A}"
EndProject
Project("{FAE04EC0-301F-11D3-BF4B-00C04F79EFBC}") = "FdoToolbox", "FdoToolbox\FdoToolbox.csproj", "{D2A74ED5-440A-4276-99D0-8837CB924311}"
EndProject
Project("{FAE04EC0-301F-11D3-BF4B-00C04F79EFBC}") = "FdoToolbox.Express", "FdoToolbox.Express\FdoToolbox.Express.csproj", "{282A4797-CC1B-40F7-A9D8-12249F10FD48}"
EndProject
Project("{FAE04EC0-301F-11D3-BF4B-00C04F79EFBC}") = "FdoToolbox.AddInManager", "FdoToolbox.AddInManager\FdoToolbox.AddInManager.csproj", "{5329A30E-63A8-4D4F-932C-986BF7407877}"
EndProject
Project("{FAE04EC0-301F-11D3-BF4B-00C04F79EFBC}") = "FdoToolbox.Tasks", "FdoToolbox.Tasks\FdoToolbox.Tasks.csproj", "{0CE1A585-2239-4D1A-A596-8BC12B8F7875}"
EndProject
Project("{2150E333-8FDC-42A3-9474-1A3956D46DE8}") = "Thirdparty Sources", "Thirdparty Sources", "{7A40B29A-0ACD-4DA3-A0A6-52C1456B55BB}"
EndProject
Project("{2150E333-8FDC-42A3-9474-1A3956D46DE8}") = "Unit Tests", "Unit Tests", "{41738CE5-A068-49D2-94D5-1CE6EB3C2683}"
EndProject
Project("{FAE04EC0-301F-11D3-BF4B-00C04F79EFBC}") = "FdoToolbox.Core.Tests", "FdoToolbox.Core.Tests\FdoToolbox.Core.Tests.csproj", "{A4AEC2DB-276F-4814-8D5D-E8101187E9D1}"
EndProject
Project("{FAE04EC0-301F-11D3-BF4B-00C04F79EFBC}") = "ICSharpCode.Core", "Thirdparty\SharpDevelop\ICSharpCode.Core\ICSharpCode.Core.csproj", "{35CEF10F-2D4C-45F2-9DD1-161E0FEC583C}"
EndProject
Project("{FAE04EC0-301F-11D3-BF4B-00C04F79EFBC}") = "ICSharpCode.TextEditor", "Thirdparty\SharpDevelop\ICSharpCode.TextEditor\Project\ICSharpCode.TextEditor.csproj", "{2D18BE89-D210-49EB-A9DD-2246FBB3DF6D}"
EndProject
Project("{FAE04EC0-301F-11D3-BF4B-00C04F79EFBC}") = "SharpMap", "Thirdparty\SharpMap\SharpMap\SharpMap.csproj", "{C83777FC-AABB-47D9-911F-D76255D4D541}"
EndProject
Project("{FAE04EC0-301F-11D3-BF4B-00C04F79EFBC}") = "SharpMap.UI", "Thirdparty\SharpMap\SharpMap.UI\SharpMap.UI.csproj", "{DD1CC1DB-4BF9-4C88-A100-733D84795F3A}"
EndProject
Project("{FAE04EC0-301F-11D3-BF4B-00C04F79EFBC}") = "FdoInfo", "FdoInfo\FdoInfo.csproj", "{526C4924-9EAB-4B54-9CC5-E376E315EDA8}"
EndProject
Project("{FAE04EC0-301F-11D3-BF4B-00C04F79EFBC}") = "FdoUtil", "FdoUtil\FdoUtil.csproj", "{9FF292F9-0836-4AE1-960E-981EFEDB9699}"
EndProject
Global
	GlobalSection(SolutionConfigurationPlatforms) = preSolution
		Debug|Any CPU = Debug|Any CPU
		Release|Any CPU = Release|Any CPU
	EndGlobalSection
	GlobalSection(ProjectConfigurationPlatforms) = postSolution
		{9A3DA959-2B7E-4407-9DF8-DA56178D211A}.Debug|Any CPU.ActiveCfg = Debug|Any CPU
		{9A3DA959-2B7E-4407-9DF8-DA56178D211A}.Debug|Any CPU.Build.0 = Debug|Any CPU
		{9A3DA959-2B7E-4407-9DF8-DA56178D211A}.Release|Any CPU.ActiveCfg = Release|Any CPU
		{9A3DA959-2B7E-4407-9DF8-DA56178D211A}.Release|Any CPU.Build.0 = Release|Any CPU
		{6AAE821C-D27F-47D2-8F1B-D748AF145B0A}.Debug|Any CPU.ActiveCfg = Debug|Any CPU
		{6AAE821C-D27F-47D2-8F1B-D748AF145B0A}.Debug|Any CPU.Build.0 = Debug|Any CPU
		{6AAE821C-D27F-47D2-8F1B-D748AF145B0A}.Release|Any CPU.ActiveCfg = Release|Any CPU
		{6AAE821C-D27F-47D2-8F1B-D748AF145B0A}.Release|Any CPU.Build.0 = Release|Any CPU
		{D2A74ED5-440A-4276-99D0-8837CB924311}.Debug|Any CPU.ActiveCfg = Debug|Any CPU
		{D2A74ED5-440A-4276-99D0-8837CB924311}.Debug|Any CPU.Build.0 = Debug|Any CPU
		{D2A74ED5-440A-4276-99D0-8837CB924311}.Release|Any CPU.ActiveCfg = Release|Any CPU
		{D2A74ED5-440A-4276-99D0-8837CB924311}.Release|Any CPU.Build.0 = Release|Any CPU
		{282A4797-CC1B-40F7-A9D8-12249F10FD48}.Debug|Any CPU.ActiveCfg = Debug|Any CPU
		{282A4797-CC1B-40F7-A9D8-12249F10FD48}.Debug|Any CPU.Build.0 = Debug|Any CPU
		{282A4797-CC1B-40F7-A9D8-12249F10FD48}.Release|Any CPU.ActiveCfg = Release|Any CPU
		{282A4797-CC1B-40F7-A9D8-12249F10FD48}.Release|Any CPU.Build.0 = Release|Any CPU
		{5329A30E-63A8-4D4F-932C-986BF7407877}.Debug|Any CPU.ActiveCfg = Debug|Any CPU
		{5329A30E-63A8-4D4F-932C-986BF7407877}.Debug|Any CPU.Build.0 = Debug|Any CPU
		{5329A30E-63A8-4D4F-932C-986BF7407877}.Release|Any CPU.ActiveCfg = Release|Any CPU
		{5329A30E-63A8-4D4F-932C-986BF7407877}.Release|Any CPU.Build.0 = Release|Any CPU
		{0CE1A585-2239-4D1A-A596-8BC12B8F7875}.Debug|Any CPU.ActiveCfg = Debug|Any CPU
		{0CE1A585-2239-4D1A-A596-8BC12B8F7875}.Debug|Any CPU.Build.0 = Debug|Any CPU
		{0CE1A585-2239-4D1A-A596-8BC12B8F7875}.Release|Any CPU.ActiveCfg = Release|Any CPU
		{0CE1A585-2239-4D1A-A596-8BC12B8F7875}.Release|Any CPU.Build.0 = Release|Any CPU
		{A4AEC2DB-276F-4814-8D5D-E8101187E9D1}.Debug|Any CPU.ActiveCfg = Debug|Any CPU
		{A4AEC2DB-276F-4814-8D5D-E8101187E9D1}.Debug|Any CPU.Build.0 = Debug|Any CPU
		{A4AEC2DB-276F-4814-8D5D-E8101187E9D1}.Release|Any CPU.ActiveCfg = Release|Any CPU
		{A4AEC2DB-276F-4814-8D5D-E8101187E9D1}.Release|Any CPU.Build.0 = Release|Any CPU
		{35CEF10F-2D4C-45F2-9DD1-161E0FEC583C}.Debug|Any CPU.ActiveCfg = Debug|Any CPU
		{35CEF10F-2D4C-45F2-9DD1-161E0FEC583C}.Debug|Any CPU.Build.0 = Debug|Any CPU
		{35CEF10F-2D4C-45F2-9DD1-161E0FEC583C}.Release|Any CPU.ActiveCfg = Release|Any CPU
		{35CEF10F-2D4C-45F2-9DD1-161E0FEC583C}.Release|Any CPU.Build.0 = Release|Any CPU
		{2D18BE89-D210-49EB-A9DD-2246FBB3DF6D}.Debug|Any CPU.ActiveCfg = Debug|Any CPU
		{2D18BE89-D210-49EB-A9DD-2246FBB3DF6D}.Debug|Any CPU.Build.0 = Debug|Any CPU
		{2D18BE89-D210-49EB-A9DD-2246FBB3DF6D}.Release|Any CPU.ActiveCfg = Release|Any CPU
		{2D18BE89-D210-49EB-A9DD-2246FBB3DF6D}.Release|Any CPU.Build.0 = Release|Any CPU
		{C83777FC-AABB-47D9-911F-D76255D4D541}.Debug|Any CPU.ActiveCfg = Debug|Any CPU
		{C83777FC-AABB-47D9-911F-D76255D4D541}.Debug|Any CPU.Build.0 = Debug|Any CPU
		{C83777FC-AABB-47D9-911F-D76255D4D541}.Release|Any CPU.ActiveCfg = Release|Any CPU
		{C83777FC-AABB-47D9-911F-D76255D4D541}.Release|Any CPU.Build.0 = Release|Any CPU
		{DD1CC1DB-4BF9-4C88-A100-733D84795F3A}.Debug|Any CPU.ActiveCfg = Debug|Any CPU
		{DD1CC1DB-4BF9-4C88-A100-733D84795F3A}.Debug|Any CPU.Build.0 = Debug|Any CPU
		{DD1CC1DB-4BF9-4C88-A100-733D84795F3A}.Release|Any CPU.ActiveCfg = Release|Any CPU
		{DD1CC1DB-4BF9-4C88-A100-733D84795F3A}.Release|Any CPU.Build.0 = Release|Any CPU
		{526C4924-9EAB-4B54-9CC5-E376E315EDA8}.Debug|Any CPU.ActiveCfg = Debug|Any CPU
		{526C4924-9EAB-4B54-9CC5-E376E315EDA8}.Debug|Any CPU.Build.0 = Debug|Any CPU
		{526C4924-9EAB-4B54-9CC5-E376E315EDA8}.Release|Any CPU.ActiveCfg = Release|Any CPU
		{526C4924-9EAB-4B54-9CC5-E376E315EDA8}.Release|Any CPU.Build.0 = Release|Any CPU
		{9FF292F9-0836-4AE1-960E-981EFEDB9699}.Debug|Any CPU.ActiveCfg = Debug|Any CPU
		{9FF292F9-0836-4AE1-960E-981EFEDB9699}.Debug|Any CPU.Build.0 = Debug|Any CPU
		{9FF292F9-0836-4AE1-960E-981EFEDB9699}.Release|Any CPU.ActiveCfg = Release|Any CPU
		{9FF292F9-0836-4AE1-960E-981EFEDB9699}.Release|Any CPU.Build.0 = Release|Any CPU
	EndGlobalSection
	GlobalSection(SolutionProperties) = preSolution
		HideSolutionNode = FALSE
	EndGlobalSection
	GlobalSection(NestedProjects) = preSolution
		{35CEF10F-2D4C-45F2-9DD1-161E0FEC583C} = {7A40B29A-0ACD-4DA3-A0A6-52C1456B55BB}
		{2D18BE89-D210-49EB-A9DD-2246FBB3DF6D} = {7A40B29A-0ACD-4DA3-A0A6-52C1456B55BB}
		{C83777FC-AABB-47D9-911F-D76255D4D541} = {7A40B29A-0ACD-4DA3-A0A6-52C1456B55BB}
		{DD1CC1DB-4BF9-4C88-A100-733D84795F3A} = {7A40B29A-0ACD-4DA3-A0A6-52C1456B55BB}
		{A4AEC2DB-276F-4814-8D5D-E8101187E9D1} = {41738CE5-A068-49D2-94D5-1CE6EB3C2683}
	EndGlobalSection
EndGlobal
